# Generated by pub
# See https://dart.dev/tools/pub/glossary#lockfile
packages:
  adbutil:
    dependency: "direct main"
    description:
      path: "."
      ref: HEAD
      resolved-ref: c469b2db2876648cd965c62266b220b3e021ca77
      url: "https://github.com/nightmare-space/adbutil"
    source: git
    version: "0.0.1"
  android_intent_plus:
    dependency: transitive
    description:
      name: android_intent_plus
      url: "https://pub.flutter-io.cn"
    source: hosted
    version: "1.0.2"
  animations:
    dependency: "direct main"
    description:
      name: animations
      url: "https://pub.flutter-io.cn"
    source: hosted
    version: "2.0.3"
  app_launcher:
    dependency: "direct main"
    description:
      path: "."
      ref: HEAD
      resolved-ref: "5d70a4b51ff070a21a78159ecfa0c5620a8c2347"
      url: "https://github.com/nightmare-space/app_launcher"
    source: git
    version: "1.0.0+1"
  app_manager:
    dependency: "direct main"
    description:
      path: "."
      ref: HEAD
      resolved-ref: "5b0fa3a6445bfb50eb49d7323d4af73bfa8d7861"
      url: "https://github.com/nightmare-space/app_manager"
    source: git
    version: "1.0.0+1"
  applib_util:
    dependency: transitive
    description:
      path: applib_util
      ref: HEAD
      resolved-ref: b2a0e42e465d80c68353a927902ab2b0105a8216
      url: "https://github.com/nightmare-space/applib"
    source: git
    version: "0.0.1"
  archive:
    dependency: transitive
    description:
      name: archive
      url: "https://pub.flutter-io.cn"
    source: hosted
    version: "3.3.0"
  async:
    dependency: transitive
    description:
      name: async
      url: "https://pub.flutter-io.cn"
    source: hosted
    version: "2.8.2"
  basics:
    dependency: transitive
    description:
      name: basics
      url: "https://pub.flutter-io.cn"
    source: hosted
    version: "0.6.0"
  better_player:
    dependency: transitive
    description:
      name: better_player
      url: "https://pub.flutter-io.cn"
    source: hosted
    version: "0.0.82"
  boolean_selector:
    dependency: transitive
    description:
      name: boolean_selector
      url: "https://pub.flutter-io.cn"
    source: hosted
    version: "2.1.0"
  characters:
    dependency: transitive
    description:
      name: characters
      url: "https://pub.flutter-io.cn"
    source: hosted
    version: "1.2.0"
  charcode:
    dependency: transitive
    description:
      name: charcode
      url: "https://pub.flutter-io.cn"
    source: hosted
    version: "1.3.1"
  clock:
    dependency: transitive
    description:
      name: clock
      url: "https://pub.flutter-io.cn"
    source: hosted
    version: "1.1.0"
  collection:
    dependency: transitive
    description:
      name: collection
      url: "https://pub.flutter-io.cn"
    source: hosted
    version: "1.16.0"
  convert:
    dependency: transitive
    description:
      name: convert
      url: "https://pub.flutter-io.cn"
    source: hosted
    version: "3.0.2"
  cross_file:
    dependency: transitive
    description:
      name: cross_file
      url: "https://pub.flutter-io.cn"
    source: hosted
    version: "0.3.3+1"
  crypto:
    dependency: transitive
    description:
      name: crypto
      url: "https://pub.flutter-io.cn"
    source: hosted
    version: "3.0.2"
  csslib:
    dependency: transitive
    description:
      name: csslib
      url: "https://pub.flutter-io.cn"
    source: hosted
    version: "0.17.2"
  cupertino_icons:
    dependency: transitive
    description:
      name: cupertino_icons
      url: "https://pub.flutter-io.cn"
    source: hosted
    version: "1.0.5"
  cyclop:
    dependency: "direct main"
    description:
      name: cyclop
      url: "https://pub.flutter-io.cn"
    source: hosted
    version: "0.5.2"
  desktop_drop:
    dependency: "direct main"
    description:
      name: desktop_drop
      url: "https://pub.flutter-io.cn"
    source: hosted
    version: "0.3.3"
  device_info:
    dependency: "direct main"
    description:
      path: "."
      ref: HEAD
      resolved-ref: "60ba9fa1d5c0e793b0a9744f1ba9ccfbbf525b2c"
      url: "https://github.com/nightmare-space/device_info.git"
    source: git
    version: "1.0.0+1"
  dio:
    dependency: "direct main"
    description:
      name: dio
      url: "https://pub.flutter-io.cn"
    source: hosted
    version: "4.0.6"
  equatable:
    dependency: transitive
    description:
      name: equatable
      url: "https://pub.flutter-io.cn"
    source: hosted
    version: "2.0.3"
  fake_async:
    dependency: transitive
    description:
      name: fake_async
      url: "https://pub.flutter-io.cn"
    source: hosted
    version: "1.3.0"
  ffi:
    dependency: transitive
    description:
      name: ffi
      url: "https://pub.flutter-io.cn"
    source: hosted
    version: "1.2.1"
  file:
    dependency: transitive
    description:
      name: file
      url: "https://pub.flutter-io.cn"
    source: hosted
    version: "6.1.2"
  file_manager_view:
    dependency: transitive
    description:
      path: "."
      ref: HEAD
      resolved-ref: ea831cfec910d53dd68c38b0faa170febeb14f20
      url: "https://github.com/nightmare-space/file_manager_view.git"
    source: git
    version: "1.0.0+1"
  file_selector:
    dependency: "direct main"
    description:
      name: file_selector
      url: "https://pub.flutter-io.cn"
    source: hosted
    version: "0.8.4+3"
  file_selector_macos:
    dependency: transitive
    description:
      name: file_selector_macos
      url: "https://pub.flutter-io.cn"
    source: hosted
    version: "0.8.2+2"
  file_selector_nightmare:
    dependency: "direct main"
    description:
      path: "."
      ref: HEAD
      resolved-ref: f905531207362c661f13bc3d805474a4d492a8d5
      url: "https://github.com/nightmare-space/file_selector_meng"
    source: git
    version: "1.0.0+1"
  file_selector_platform_interface:
    dependency: transitive
    description:
      name: file_selector_platform_interface
      url: "https://pub.flutter-io.cn"
    source: hosted
    version: "2.1.0"
  file_selector_web:
    dependency: transitive
    description:
      name: file_selector_web
      url: "https://pub.flutter-io.cn"
    source: hosted
    version: "0.8.1+5"
  file_selector_windows:
    dependency: transitive
    description:
      name: file_selector_windows
      url: "https://pub.flutter-io.cn"
    source: hosted
    version: "0.8.2+2"
  fl_chart:
    dependency: transitive
    description:
      name: fl_chart
      url: "https://pub.flutter-io.cn"
    source: hosted
    version: "0.50.6"
  flutter:
    dependency: "direct main"
    description: flutter
    source: sdk
    version: "0.0.0"
  flutter_acrylic:
    dependency: "direct main"
    description:
      name: flutter_acrylic
      url: "https://pub.flutter-io.cn"
    source: hosted
    version: "1.0.0+2"
  flutter_lints:
    dependency: "direct dev"
    description:
      name: flutter_lints
      url: "https://pub.flutter-io.cn"
    source: hosted
    version: "2.0.1"
  flutter_localizations:
    dependency: "direct main"
    description: flutter
    source: sdk
    version: "0.0.0"
  flutter_pty:
    dependency: "direct main"
    description:
      path: "."
      ref: HEAD
      resolved-ref: cbac41844c0e83e856119b20a56f5b66f01fde5e
      url: "https://github.com/TerminalStudio/flutter_pty"
    source: git
    version: "0.3.0"
  flutter_spinkit:
    dependency: "direct main"
    description:
      name: flutter_spinkit
      url: "https://pub.flutter-io.cn"
    source: hosted
    version: "4.1.2+1"
  flutter_svg:
    dependency: "direct main"
    description:
      name: flutter_svg
      url: "https://pub.flutter-io.cn"
    source: hosted
    version: "0.22.0"
  flutter_test:
    dependency: "direct dev"
    description: flutter
    source: sdk
    version: "0.0.0"
  flutter_web_plugins:
    dependency: transitive
    description: flutter
    source: sdk
    version: "0.0.0"
  flutter_widget_from_html_core:
    dependency: transitive
    description:
      name: flutter_widget_from_html_core
      url: "https://pub.flutter-io.cn"
    source: hosted
    version: "0.8.5+3"
  fwfh_text_style:
    dependency: transitive
    description:
      name: fwfh_text_style
      url: "https://pub.flutter-io.cn"
    source: hosted
    version: "2.7.3+2"
  get:
    dependency: "direct main"
    description:
      name: get
      url: "https://pub.flutter-io.cn"
    source: hosted
    version: "4.6.5"
  global_repository:
    dependency: "direct main"
    description:
      path: "."
      ref: HEAD
      resolved-ref: a5b0378786501a7ebccd0d7e7d0744768f97496c
      url: "https://github.com/nightmare-space/global_repository"
    source: git
    version: "0.0.1"
  hive:
    dependency: transitive
    description:
      name: hive
      url: "https://pub.flutter-io.cn"
    source: hosted
    version: "2.2.3"
  html:
    dependency: transitive
    description:
      name: html
      url: "https://pub.flutter-io.cn"
    source: hosted
    version: "0.15.0"
  http:
    dependency: transitive
    description:
      name: http
      url: "https://pub.flutter-io.cn"
    source: hosted
    version: "0.13.4"
  http_methods:
    dependency: transitive
    description:
      name: http_methods
      url: "https://pub.flutter-io.cn"
    source: hosted
    version: "1.1.0"
  http_parser:
    dependency: transitive
    description:
      name: http_parser
      url: "https://pub.flutter-io.cn"
    source: hosted
    version: "4.0.1"
  image:
    dependency: transitive
    description:
      name: image
      url: "https://pub.flutter-io.cn"
    source: hosted
    version: "3.1.3"
  intl:
    dependency: "direct main"
    description:
      name: intl
      url: "https://pub.flutter-io.cn"
    source: hosted
    version: "0.17.0"
  js:
    dependency: transitive
    description:
      name: js
      url: "https://pub.flutter-io.cn"
    source: hosted
    version: "0.6.4"
  lints:
    dependency: transitive
    description:
      name: lints
      url: "https://pub.flutter-io.cn"
    source: hosted
    version: "2.0.0"
  logger_view:
    dependency: "direct main"
    description:
      path: "."
      ref: HEAD
      resolved-ref: "9242b13f5a7f3e3624921bf567b020aece264741"
      url: "https://github.com/nightmare-space/logger_view"
    source: git
    version: "0.0.1"
  matcher:
    dependency: transitive
    description:
      name: matcher
      url: "https://pub.flutter-io.cn"
    source: hosted
    version: "0.12.11"
  material_color_utilities:
    dependency: transitive
    description:
      name: material_color_utilities
      url: "https://pub.flutter-io.cn"
    source: hosted
    version: "0.1.4"
  meta:
    dependency: transitive
    description:
      name: meta
      url: "https://pub.flutter-io.cn"
    source: hosted
    version: "1.7.0"
  mime:
    dependency: transitive
    description:
      name: mime
      url: "https://pub.flutter-io.cn"
    source: hosted
    version: "1.0.2"
  multicast:
    dependency: "direct main"
    description:
      path: "."
      ref: HEAD
      resolved-ref: ec9746560b28a29ad1d7af71409693b66e3ce358
      url: "https://github.com/nightmare-space/multicast"
    source: git
    version: "0.0.1"
  multicast_dns:
    dependency: "direct main"
    description:
      name: multicast_dns
      url: "https://pub.flutter-io.cn"
    source: hosted
    version: "0.3.2+1"
  open_file:
    dependency: transitive
    description:
      name: open_file
      url: "https://pub.flutter-io.cn"
    source: hosted
    version: "3.2.1"
  path:
    dependency: "direct main"
    description:
      name: path
      url: "https://pub.flutter-io.cn"
    source: hosted
    version: "1.8.1"
  path_drawing:
    dependency: transitive
    description:
      name: path_drawing
      url: "https://pub.flutter-io.cn"
    source: hosted
    version: "0.5.1+1"
  path_parsing:
    dependency: transitive
    description:
      name: path_parsing
      url: "https://pub.flutter-io.cn"
    source: hosted
    version: "0.2.1"
  path_provider:
    dependency: "direct main"
    description:
      name: path_provider
      url: "https://pub.flutter-io.cn"
    source: hosted
    version: "2.0.11"
  path_provider_android:
    dependency: transitive
    description:
      name: path_provider_android
      url: "https://pub.flutter-io.cn"
    source: hosted
    version: "2.0.16"
  path_provider_ios:
    dependency: transitive
    description:
      name: path_provider_ios
      url: "https://pub.flutter-io.cn"
    source: hosted
    version: "2.0.10"
  path_provider_linux:
    dependency: transitive
    description:
      name: path_provider_linux
      url: "https://pub.flutter-io.cn"
    source: hosted
    version: "2.1.7"
  path_provider_macos:
    dependency: transitive
    description:
      name: path_provider_macos
      url: "https://pub.flutter-io.cn"
    source: hosted
    version: "2.0.6"
  path_provider_platform_interface:
    dependency: transitive
    description:
      name: path_provider_platform_interface
      url: "https://pub.flutter-io.cn"
    source: hosted
    version: "2.0.4"
  path_provider_windows:
    dependency: transitive
    description:
      name: path_provider_windows
      url: "https://pub.flutter-io.cn"
    source: hosted
    version: "2.0.7"
  permission_handler:
    dependency: transitive
    description:
      name: permission_handler
      url: "https://pub.flutter-io.cn"
    source: hosted
    version: "6.0.0"
  permission_handler_platform_interface:
    dependency: transitive
    description:
      name: permission_handler_platform_interface
      url: "https://pub.flutter-io.cn"
    source: hosted
    version: "3.7.0"
  petitparser:
    dependency: transitive
    description:
      name: petitparser
      url: "https://pub.flutter-io.cn"
    source: hosted
    version: "5.0.0"
  platform:
    dependency: transitive
    description:
      name: platform
      url: "https://pub.flutter-io.cn"
    source: hosted
    version: "3.1.0"
  platform_info:
    dependency: transitive
    description:
      name: platform_info
      url: "https://pub.flutter-io.cn"
    source: hosted
    version: "3.2.0"
  plugin_platform_interface:
    dependency: transitive
    description:
      name: plugin_platform_interface
      url: "https://pub.flutter-io.cn"
    source: hosted
    version: "2.1.2"
  process:
    dependency: transitive
    description:
      name: process
      url: "https://pub.flutter-io.cn"
    source: hosted
    version: "4.2.4"
  qr:
    dependency: transitive
    description:
      name: qr
      url: "https://pub.flutter-io.cn"
    source: hosted
    version: "2.1.0"
  qr_code_scanner:
    dependency: "direct main"
    description:
      name: qr_code_scanner
      url: "https://pub.flutter-io.cn"
    source: hosted
    version: "1.0.0"
  qr_flutter:
    dependency: "direct main"
    description:
      name: qr_flutter
      url: "https://pub.flutter-io.cn"
    source: hosted
    version: "4.0.0"
  quiver:
    dependency: transitive
    description:
      name: quiver
      url: "https://pub.flutter-io.cn"
    source: hosted
    version: "3.1.0"
  responsive_framework:
    dependency: "direct main"
    description:
      name: responsive_framework
      url: "https://pub.flutter-io.cn"
    source: hosted
    version: "0.2.0"
  screen_retriever:
    dependency: transitive
    description:
      name: screen_retriever
      url: "https://pub.flutter-io.cn"
    source: hosted
    version: "0.1.2"
  settings:
    dependency: "direct main"
    description:
      path: "."
      ref: HEAD
      resolved-ref: "1ef47b7e45a959e97e3352844c56049564cc5117"
      url: "https://github.com/nightmare-space/settings"
    source: git
    version: "0.0.1"
  shelf:
    dependency: transitive
    description:
      name: shelf
      url: "https://pub.flutter-io.cn"
    source: hosted
    version: "1.3.1"
  shelf_router:
    dependency: transitive
    description:
      name: shelf_router
      url: "https://pub.flutter-io.cn"
    source: hosted
    version: "1.1.3"
  shelf_static:
    dependency: transitive
    description:
      path: "pkgs/shelf_static"
      ref: HEAD
      resolved-ref: "9fff4b678217c0cd1311e69f19e0abac05216615"
      url: "https://github.com/nightmare-space/shelf"
    source: git
    version: "1.1.1-dev"
  shortcut:
    dependency: transitive
    description:
      name: shortcut
      url: "https://pub.flutter-io.cn"
    source: hosted
    version: "0.0.1"
  signale:
    dependency: transitive
    description:
      name: signale
      url: "https://pub.flutter-io.cn"
    source: hosted
    version: "0.0.7"
  sky_engine:
    dependency: transitive
    description: flutter
    source: sdk
    version: "0.0.99"
  source_span:
    dependency: transitive
    description:
      name: source_span
      url: "https://pub.flutter-io.cn"
    source: hosted
    version: "1.8.2"
  stack_trace:
    dependency: transitive
    description:
      name: stack_trace
      url: "https://pub.flutter-io.cn"
    source: hosted
    version: "1.10.0"
  stream_channel:
    dependency: transitive
    description:
      name: stream_channel
      url: "https://pub.flutter-io.cn"
    source: hosted
    version: "2.1.0"
  string_scanner:
    dependency: transitive
    description:
      name: string_scanner
      url: "https://pub.flutter-io.cn"
    source: hosted
    version: "1.1.0"
  synchronized:
    dependency: transitive
    description:
      name: synchronized
      url: "https://pub.flutter-io.cn"
    source: hosted
    version: "3.0.0+2"
  term_glyph:
    dependency: transitive
    description:
      name: term_glyph
      url: "https://pub.flutter-io.cn"
    source: hosted
    version: "1.2.0"
  test_api:
    dependency: transitive
    description:
      name: test_api
      url: "https://pub.flutter-io.cn"
    source: hosted
    version: "0.4.9"
  typed_data:
    dependency: transitive
    description:
      name: typed_data
      url: "https://pub.flutter-io.cn"
    source: hosted
    version: "1.3.1"
  url_launcher:
    dependency: "direct main"
    description:
      name: url_launcher
      url: "https://pub.flutter-io.cn"
    source: hosted
    version: "6.1.5"
  url_launcher_android:
    dependency: transitive
    description:
      name: url_launcher_android
      url: "https://pub.flutter-io.cn"
    source: hosted
    version: "6.0.17"
  url_launcher_ios:
    dependency: transitive
    description:
      name: url_launcher_ios
      url: "https://pub.flutter-io.cn"
    source: hosted
    version: "6.0.17"
  url_launcher_linux:
    dependency: transitive
    description:
      name: url_launcher_linux
      url: "https://pub.flutter-io.cn"
    source: hosted
    version: "3.0.1"
  url_launcher_macos:
    dependency: transitive
    description:
      name: url_launcher_macos
      url: "https://pub.flutter-io.cn"
    source: hosted
    version: "3.0.1"
  url_launcher_platform_interface:
    dependency: transitive
    description:
      name: url_launcher_platform_interface
      url: "https://pub.flutter-io.cn"
    source: hosted
    version: "2.1.0"
  url_launcher_web:
    dependency: transitive
    description:
      name: url_launcher_web
      url: "https://pub.flutter-io.cn"
    source: hosted
    version: "2.0.12"
  url_launcher_windows:
    dependency: transitive
    description:
      name: url_launcher_windows
      url: "https://pub.flutter-io.cn"
    source: hosted
    version: "3.0.1"
  vector_math:
    dependency: transitive
    description:
      name: vector_math
      url: "https://pub.flutter-io.cn"
    source: hosted
    version: "2.1.2"
  visibility_detector:
    dependency: "direct overridden"
    description:
      name: visibility_detector
      url: "https://pub.flutter-io.cn"
    source: hosted
    version: "0.3.3"
  wakelock:
    dependency: transitive
    description:
      name: wakelock
      url: "https://pub.flutter-io.cn"
    source: hosted
    version: "0.6.2"
  wakelock_macos:
    dependency: transitive
    description:
      name: wakelock_macos
      url: "https://pub.flutter-io.cn"
    source: hosted
    version: "0.4.0"
  wakelock_platform_interface:
    dependency: transitive
    description:
      name: wakelock_platform_interface
      url: "https://pub.flutter-io.cn"
    source: hosted
    version: "0.3.0"
  wakelock_web:
    dependency: transitive
    description:
      name: wakelock_web
      url: "https://pub.flutter-io.cn"
    source: hosted
    version: "0.4.0"
  wakelock_windows:
    dependency: transitive
    description:
      name: wakelock_windows
      url: "https://pub.flutter-io.cn"
    source: hosted
    version: "0.2.0"
  win32:
    dependency: transitive
    description:
      name: win32
      url: "https://pub.flutter-io.cn"
    source: hosted
    version: "2.6.1"
  window_manager:
    dependency: "direct main"
    description:
      name: window_manager
      url: "https://pub.flutter-io.cn"
    source: hosted
    version: "0.2.5"
  xdg_directories:
    dependency: transitive
    description:
      name: xdg_directories
      url: "https://pub.flutter-io.cn"
    source: hosted
    version: "0.2.0+1"
  xml:
    dependency: transitive
    description:
      name: xml
      url: "https://pub.flutter-io.cn"
    source: hosted
    version: "5.4.1"
  xterm:
    dependency: "direct main"
    description:
      path: "."
      ref: v3
      resolved-ref: dc16176a04d0f2782d21aba257760bb8c8d5a9de
      url: "https://github.com/mengyanshou/xterm.dart"
    source: git
    version: "3.0.6-alpha"
sdks:
  dart: ">=2.17.0 <3.0.0"
  flutter: ">=3.0.0"
