# Generated by pub
# See https://dart.dev/tools/pub/glossary#lockfile
packages:
  adbutil:
    dependency: "direct main"
    description:
      path: "."
      ref: HEAD
      resolved-ref: "28dcc4989e69a1e3899900b955cf0b4c428ebdaa"
      url: "https://github.com/nightmare-space/adbutil"
    source: git
    version: "0.0.1"
  android_intent_plus:
    dependency: transitive
    description:
      name: android_intent_plus
      url: "https://pub.flutter-io.cn"
    source: hosted
    version: "1.0.2"
  animations:
    dependency: "direct main"
    description:
      name: animations
      url: "https://pub.flutter-io.cn"
    source: hosted
    version: "1.1.2"
  app_launcher:
    dependency: "direct main"
    description:
      path: "."
      ref: HEAD
      resolved-ref: "325eecc5f34c914f40b6d892ba861013e947c8a4"
      url: "https://github.com/nightmare-space/app_launcher"
    source: git
    version: "1.0.0+1"
  app_manager:
    dependency: "direct main"
    description:
      path: "."
      ref: HEAD
      resolved-ref: d0921fd9f98fd645745b523382ee8a041ef14ebb
      url: "https://github.com/nightmare-space/app_manager"
    source: git
    version: "1.0.0+1"
  apputils:
    dependency: "direct overridden"
    description:
      path: "/Users/nightmare/Desktop/nightmare-space/apputils"
      relative: false
    source: path
    version: "0.0.1"
  args:
    dependency: transitive
    description:
      name: args
      url: "https://pub.flutter-io.cn"
    source: hosted
    version: "2.3.0"
  async:
    dependency: transitive
    description:
      name: async
      url: "https://pub.flutter-io.cn"
    source: hosted
    version: "2.8.2"
  boolean_selector:
    dependency: transitive
    description:
      name: boolean_selector
      url: "https://pub.flutter-io.cn"
    source: hosted
    version: "2.1.0"
  characters:
    dependency: transitive
    description:
      name: characters
      url: "https://pub.flutter-io.cn"
    source: hosted
    version: "1.2.0"
  charcode:
    dependency: transitive
    description:
      name: charcode
      url: "https://pub.flutter-io.cn"
    source: hosted
    version: "1.3.1"
  clock:
    dependency: transitive
    description:
      name: clock
      url: "https://pub.flutter-io.cn"
    source: hosted
    version: "1.1.0"
  collection:
    dependency: transitive
    description:
      name: collection
      url: "https://pub.flutter-io.cn"
    source: hosted
    version: "1.15.0"
  cross_file:
    dependency: transitive
    description:
      name: cross_file
      url: "https://pub.flutter-io.cn"
    source: hosted
    version: "0.3.2"
  crypto:
    dependency: transitive
    description:
      name: crypto
      url: "https://pub.flutter-io.cn"
    source: hosted
    version: "3.0.1"
  cupertino_icons:
    dependency: transitive
    description:
      name: cupertino_icons
      url: "https://pub.flutter-io.cn"
    source: hosted
    version: "1.0.4"
  dart_pty:
    dependency: transitive
    description:
      path: "."
      ref: HEAD
      resolved-ref: "780ac18a3da379a6166787739e73fa4d86c39b22"
      url: "https://github.com/Termare/dart_pty"
    source: git
    version: "0.0.3"
  desktop_drop:
    dependency: "direct main"
    description:
      name: desktop_drop
      url: "https://pub.flutter-io.cn"
    source: hosted
    version: "0.2.0"
  dio:
    dependency: "direct main"
    description:
      name: dio
      url: "https://pub.flutter-io.cn"
    source: hosted
    version: "4.0.4"
  event_bus:
    dependency: transitive
    description:
      name: event_bus
      url: "https://pub.flutter-io.cn"
    source: hosted
    version: "1.1.1"
  fake_async:
    dependency: transitive
    description:
      name: fake_async
      url: "https://pub.flutter-io.cn"
    source: hosted
    version: "1.2.0"
  ffi:
    dependency: transitive
    description:
      name: ffi
      url: "https://pub.flutter-io.cn"
    source: hosted
    version: "1.1.2"
  file:
    dependency: transitive
    description:
      name: file
      url: "https://pub.flutter-io.cn"
    source: hosted
    version: "6.1.2"
  file_manager_view:
    dependency: transitive
    description:
      path: "."
      ref: HEAD
      resolved-ref: d3289f9841ab3d46ee235dab00806f0db6f4ce2a
      url: "https://github.com/nightmare-space/file_manager_view.git"
    source: git
    version: "1.0.0+1"
  file_selector:
    dependency: "direct main"
    description:
      name: file_selector
      url: "https://pub.flutter-io.cn"
    source: hosted
    version: "0.8.2+1"
  file_selector_linux:
    dependency: "direct main"
    description:
      name: file_selector_linux
      url: "https://pub.flutter-io.cn"
    source: hosted
    version: "0.0.2+1"
  file_selector_macos:
    dependency: "direct main"
    description:
      name: file_selector_macos
      url: "https://pub.flutter-io.cn"
    source: hosted
    version: "0.0.4+1"
  file_selector_nightmare:
    dependency: "direct main"
    description:
      path: "."
      ref: HEAD
      resolved-ref: "6d81b74c9b3fb1af4a559adc345763623fb0da9a"
      url: "https://github.com/nightmare-space/file_selector"
    source: git
    version: "1.0.0+1"
  file_selector_platform_interface:
    dependency: transitive
    description:
      name: file_selector_platform_interface
      url: "https://pub.flutter-io.cn"
    source: hosted
    version: "2.0.2"
  file_selector_web:
    dependency: transitive
    description:
      name: file_selector_web
      url: "https://pub.flutter-io.cn"
    source: hosted
    version: "0.8.1+2"
  file_selector_windows:
    dependency: "direct main"
    description:
      name: file_selector_windows
      url: "https://pub.flutter-io.cn"
    source: hosted
    version: "0.0.2+1"
  flutter:
    dependency: "direct main"
    description: flutter
    source: sdk
    version: "0.0.0"
  flutter_markdown:
    dependency: "direct main"
    description:
      name: flutter_markdown
      url: "https://pub.flutter-io.cn"
    source: hosted
    version: "0.6.9"
  flutter_screenutil:
    dependency: "direct main"
    description:
      name: flutter_screenutil
      url: "https://pub.flutter-io.cn"
    source: hosted
    version: "2.3.1"
  flutter_spinkit:
    dependency: "direct main"
    description:
      name: flutter_spinkit
      url: "https://pub.flutter-io.cn"
    source: hosted
    version: "4.1.2+1"
  flutter_svg:
    dependency: "direct main"
    description:
      name: flutter_svg
      url: "https://pub.flutter-io.cn"
    source: hosted
    version: "0.22.0"
  flutter_test:
    dependency: "direct dev"
    description: flutter
    source: sdk
    version: "0.0.0"
  flutter_web_plugins:
    dependency: transitive
    description: flutter
    source: sdk
    version: "0.0.0"
  get:
    dependency: "direct main"
    description:
      name: get
      url: "https://pub.flutter-io.cn"
    source: hosted
    version: "4.6.1"
  global_repository:
    dependency: "direct main"
    description:
      path: "."
      ref: HEAD
      resolved-ref: "8ae0e1b004241124cad124a1a343fa07a4acf279"
      url: "https://github.com/nightmare-space/global_repository"
    source: git
    version: "0.0.1"
  hive:
    dependency: transitive
    description:
      name: hive
      url: "https://pub.flutter-io.cn"
    source: hosted
    version: "2.0.5"
  http:
    dependency: transitive
    description:
      name: http
      url: "https://pub.flutter-io.cn"
    source: hosted
    version: "0.13.4"
  http_parser:
    dependency: transitive
    description:
      name: http_parser
      url: "https://pub.flutter-io.cn"
    source: hosted
    version: "4.0.0"
  js:
    dependency: transitive
    description:
      name: js
      url: "https://pub.flutter-io.cn"
    source: hosted
    version: "0.6.3"
  markdown:
    dependency: transitive
    description:
      name: markdown
      url: "https://pub.flutter-io.cn"
    source: hosted
    version: "4.0.1"
  matcher:
    dependency: transitive
    description:
      name: matcher
      url: "https://pub.flutter-io.cn"
    source: hosted
    version: "0.12.11"
  meta:
    dependency: transitive
    description:
      name: meta
      url: "https://pub.flutter-io.cn"
    source: hosted
    version: "1.7.0"
  multicast:
    dependency: "direct main"
    description:
      path: "."
      ref: HEAD
      resolved-ref: d9e379f0dc839e894bc01f52f40d6b71d5c54d50
      url: "https://github.com/nightmare-space/multicast"
    source: git
    version: "0.0.1"
  multicast_dns:
    dependency: "direct main"
    description:
      name: multicast_dns
      url: "https://pub.flutter-io.cn"
    source: hosted
    version: "0.3.1"
  nativeshell:
    dependency: "direct main"
    description:
      name: nativeshell
      url: "https://pub.flutter-io.cn"
    source: hosted
    version: "0.1.10"
  path:
    dependency: "direct main"
    description:
      name: path
      url: "https://pub.flutter-io.cn"
    source: hosted
    version: "1.8.0"
  path_drawing:
    dependency: transitive
    description:
      name: path_drawing
      url: "https://pub.flutter-io.cn"
    source: hosted
    version: "0.5.1+1"
  path_parsing:
    dependency: transitive
    description:
      name: path_parsing
      url: "https://pub.flutter-io.cn"
    source: hosted
    version: "0.2.1"
  path_provider:
    dependency: transitive
    description:
      name: path_provider
      url: "https://pub.flutter-io.cn"
    source: hosted
    version: "2.0.8"
  path_provider_android:
    dependency: transitive
    description:
      name: path_provider_android
      url: "https://pub.flutter-io.cn"
    source: hosted
    version: "2.0.9"
  path_provider_ios:
    dependency: transitive
    description:
      name: path_provider_ios
      url: "https://pub.flutter-io.cn"
    source: hosted
    version: "2.0.7"
  path_provider_linux:
    dependency: transitive
    description:
      name: path_provider_linux
      url: "https://pub.flutter-io.cn"
    source: hosted
    version: "2.1.4"
  path_provider_macos:
    dependency: transitive
    description:
      name: path_provider_macos
      url: "https://pub.flutter-io.cn"
    source: hosted
    version: "2.0.4"
  path_provider_platform_interface:
    dependency: transitive
    description:
      name: path_provider_platform_interface
      url: "https://pub.flutter-io.cn"
    source: hosted
    version: "2.0.1"
  path_provider_windows:
    dependency: transitive
    description:
      name: path_provider_windows
      url: "https://pub.flutter-io.cn"
    source: hosted
    version: "2.0.4"
  pedantic:
    dependency: transitive
    description:
      name: pedantic
      url: "https://pub.flutter-io.cn"
    source: hosted
    version: "1.11.1"
  permission_handler:
    dependency: transitive
    description:
      name: permission_handler
      url: "https://pub.flutter-io.cn"
    source: hosted
    version: "6.0.0"
  permission_handler_platform_interface:
    dependency: transitive
    description:
      name: permission_handler_platform_interface
      url: "https://pub.flutter-io.cn"
    source: hosted
    version: "3.7.0"
  petitparser:
    dependency: transitive
    description:
      name: petitparser
      url: "https://pub.flutter-io.cn"
    source: hosted
    version: "4.4.0"
  platform:
    dependency: transitive
    description:
      name: platform
      url: "https://pub.flutter-io.cn"
    source: hosted
    version: "3.1.0"
  plugin_platform_interface:
    dependency: transitive
    description:
      name: plugin_platform_interface
      url: "https://pub.flutter-io.cn"
    source: hosted
    version: "2.0.2"
  process:
    dependency: transitive
    description:
      name: process
      url: "https://pub.flutter-io.cn"
    source: hosted
    version: "4.2.4"
  pseudo_terminal_utils:
    dependency: "direct main"
    description:
      path: "."
      ref: HEAD
      resolved-ref: "55877213cc41e71b065a4aba5e6b33c847e6bd59"
      url: "https://github.com/Termare/pseudo_terminal_utils"
    source: git
    version: "0.0.1"
  qr:
    dependency: transitive
    description:
      name: qr
      url: "https://pub.flutter-io.cn"
    source: hosted
    version: "1.3.0"
  qr_code_scanner:
    dependency: "direct main"
    description:
      name: qr_code_scanner
      url: "https://pub.flutter-io.cn"
    source: hosted
    version: "0.5.2"
  qr_flutter:
    dependency: "direct main"
    description:
      name: qr_flutter
      url: "https://pub.flutter-io.cn"
    source: hosted
    version: "3.2.0"
  quiver:
    dependency: transitive
    description:
      name: quiver
      url: "https://pub.flutter-io.cn"
    source: hosted
    version: "3.0.1+1"
  settings:
    dependency: "direct main"
    description:
      path: "."
      ref: HEAD
      resolved-ref: "9e7867808cf8526c2af2701d40ecba1c48a63d36"
      url: "https://github.com/nightmare-space/settings"
    source: git
    version: "0.0.1"
  shortcut:
    dependency: transitive
    description:
      name: shortcut
      url: "https://pub.flutter-io.cn"
    source: hosted
    version: "0.0.1"
  signale:
    dependency: transitive
    description:
      path: "."
      ref: HEAD
      resolved-ref: "99e278923e468ca882dd13208255fd0944ad5da3"
      url: "https://github.com/nightmare-space/signale"
    source: git
    version: "0.0.6"
  sky_engine:
    dependency: transitive
    description: flutter
    source: sdk
    version: "0.0.99"
  source_span:
    dependency: transitive
    description:
      name: source_span
      url: "https://pub.flutter-io.cn"
    source: hosted
    version: "1.8.1"
  stack_trace:
    dependency: transitive
    description:
      name: stack_trace
      url: "https://pub.flutter-io.cn"
    source: hosted
    version: "1.10.0"
  stream_channel:
    dependency: transitive
    description:
      name: stream_channel
      url: "https://pub.flutter-io.cn"
    source: hosted
    version: "2.1.0"
  string_scanner:
    dependency: transitive
    description:
      name: string_scanner
      url: "https://pub.flutter-io.cn"
    source: hosted
    version: "1.1.0"
  synchronized:
    dependency: transitive
    description:
      name: synchronized
      url: "https://pub.flutter-io.cn"
    source: hosted
    version: "3.0.0"
  term_glyph:
    dependency: transitive
    description:
      name: term_glyph
      url: "https://pub.flutter-io.cn"
    source: hosted
    version: "1.2.0"
  termare_pty:
    dependency: "direct main"
    description:
      path: "."
      ref: HEAD
      resolved-ref: b58c7178619a7a97388a4c7004871e6ec373d25a
      url: "https://github.com/Termare/termare_pty"
    source: git
    version: "1.0.0+1"
  termare_view:
    dependency: "direct main"
    description:
      path: "."
      ref: HEAD
      resolved-ref: "1d2e49d18f042e1c4ea55fedcda1d096622d1ad0"
      url: "https://github.com/Termare/termare_view"
    source: git
    version: "0.0.7"
  test_api:
    dependency: transitive
    description:
      name: test_api
      url: "https://pub.flutter-io.cn"
    source: hosted
    version: "0.4.3"
  typed_data:
    dependency: transitive
    description:
      name: typed_data
      url: "https://pub.flutter-io.cn"
    source: hosted
    version: "1.3.0"
  url_launcher:
    dependency: "direct main"
    description:
      name: url_launcher
      url: "https://pub.flutter-io.cn"
    source: hosted
    version: "6.0.17"
  url_launcher_android:
    dependency: transitive
    description:
      name: url_launcher_android
      url: "https://pub.flutter-io.cn"
    source: hosted
    version: "6.0.13"
  url_launcher_ios:
    dependency: transitive
    description:
      name: url_launcher_ios
      url: "https://pub.flutter-io.cn"
    source: hosted
    version: "6.0.13"
  url_launcher_linux:
    dependency: transitive
    description:
      name: url_launcher_linux
      url: "https://pub.flutter-io.cn"
    source: hosted
    version: "2.0.2"
  url_launcher_macos:
    dependency: transitive
    description:
      name: url_launcher_macos
      url: "https://pub.flutter-io.cn"
    source: hosted
    version: "2.0.2"
  url_launcher_platform_interface:
    dependency: transitive
    description:
      name: url_launcher_platform_interface
      url: "https://pub.flutter-io.cn"
    source: hosted
    version: "2.0.4"
  url_launcher_web:
    dependency: transitive
    description:
      name: url_launcher_web
      url: "https://pub.flutter-io.cn"
    source: hosted
    version: "2.0.5"
  url_launcher_windows:
    dependency: transitive
    description:
      name: url_launcher_windows
      url: "https://pub.flutter-io.cn"
    source: hosted
    version: "2.0.2"
  vector_math:
    dependency: transitive
    description:
      name: vector_math
      url: "https://pub.flutter-io.cn"
    source: hosted
    version: "2.1.1"
  win32:
    dependency: transitive
    description:
      name: win32
      url: "https://pub.flutter-io.cn"
    source: hosted
    version: "2.3.1"
  xdg_directories:
    dependency: transitive
    description:
      name: xdg_directories
      url: "https://pub.flutter-io.cn"
    source: hosted
    version: "0.2.0"
  xml:
    dependency: transitive
    description:
      name: xml
      url: "https://pub.flutter-io.cn"
    source: hosted
    version: "5.3.1"
sdks:
  dart: ">=2.14.0 <3.0.0"
  flutter: ">=2.5.0"
